
Microsoft Visual Studio Solution File, Format Version 12.00
# Visual Studio 15
VisualStudioVersion = 15.0.27004.2009
MinimumVisualStudioVersion = 10.0.40219.1
Project("{FAE04EC0-301F-11D3-BF4B-00C04F79EFBC}") = "PluginSample", "PluginSample.csproj", "{EAE89942-44D4-456F-B912-A8DABFA77B53}"
EndProject
Global
	GlobalSection(SolutionConfigurationPlatforms) = preSolution
		Debug|Any CPU = Debug|Any CPU
		Release|Any CPU = Release|Any CPU
	EndGlobalSection
	GlobalSection(ProjectConfigurationPlatforms) = postSolution
		{EAE89942-44D4-456F-B912-A8DABFA77B53}.Debug|Any CPU.ActiveCfg = Debug|Any CPU
		{EAE89942-44D4-456F-B912-A8DABFA77B53}.Debug|Any CPU.Build.0 = Debug|Any CPU
		{EAE89942-44D4-456F-B912-A8DABFA77B53}.Release|Any CPU.ActiveCfg = Release|Any CPU
		{EAE89942-44D4-456F-B912-A8DABFA77B53}.Release|Any CPU.Build.0 = Release|Any CPU
	EndGlobalSection
	GlobalSection(SolutionProperties) = preSolution
		HideSolutionNode = FALSE
	EndGlobalSection
	GlobalSection(ExtensibilityGlobals) = postSolution
		SolutionGuid = {3B3C80DD-8AF0-4C14-A235-FBEDF790407B}
	EndGlobalSection
EndGlobal
